// !$*UTF8*$!
{
	archiveVersion = 1;
	classes = {
	};
	objectVersion = 46;
	objects = {

/* Begin PBXBuildFile section */
		930EC32AFCE47BFBDC1981A6 /* libPods.a in Frameworks */ = {isa = PBXBuildFile; fileRef = 46EC5B56B8E91F46FEAFE5E7 /* libPods.a */; };
		DE1103541C081295001757BE /* AppDelegate.swift in Sources */ = {isa = PBXBuildFile; fileRef = DE1103531C081295001757BE /* AppDelegate.swift */; };
		DE1103561C081295001757BE /* HomeViewController.swift in Sources */ = {isa = PBXBuildFile; fileRef = DE1103551C081295001757BE /* HomeViewController.swift */; };
		DE1103581C081295001757BE /* CRMViewController.swift in Sources */ = {isa = PBXBuildFile; fileRef = DE1103571C081295001757BE /* CRMViewController.swift */; };
		DE11035B1C081295001757BE /* Main.storyboard in Resources */ = {isa = PBXBuildFile; fileRef = DE1103591C081295001757BE /* Main.storyboard */; };
		DE1103601C081295001757BE /* LaunchScreen.xib in Resources */ = {isa = PBXBuildFile; fileRef = DE11035E1C081295001757BE /* LaunchScreen.xib */; };
		DE11036C1C081295001757BE /* hisalesTests.swift in Sources */ = {isa = PBXBuildFile; fileRef = DE11036B1C081295001757BE /* hisalesTests.swift */; };
		DE8C88811C10506E00BB67FC /* Images.xcassets in Resources */ = {isa = PBXBuildFile; fileRef = DE8C88801C10506E00BB67FC /* Images.xcassets */; };
		DE9262E01C102F0C0018A885 /* GuidanceViewController.swift in Sources */ = {isa = PBXBuildFile; fileRef = DE9262DF1C102F0C0018A885 /* GuidanceViewController.swift */; };
/* End PBXBuildFile section */

/* Begin PBXContainerItemProxy section */
		DE1103661C081295001757BE /* PBXContainerItemProxy */ = {
			isa = PBXContainerItemProxy;
			containerPortal = DE1103461C081295001757BE /* Project object */;
			proxyType = 1;
			remoteGlobalIDString = DE11034D1C081295001757BE;
			remoteInfo = hisales;
		};
/* End PBXContainerItemProxy section */

/* Begin PBXFileReference section */
		0A126404AEFDEBDD952BD56C /* Pods.release.xcconfig */ = {isa = PBXFileReference; includeInIndex = 1; lastKnownFileType = text.xcconfig; name = Pods.release.xcconfig; path = "Pods/Target Support Files/Pods/Pods.release.xcconfig"; sourceTree = "<group>"; };
		46EC5B56B8E91F46FEAFE5E7 /* libPods.a */ = {isa = PBXFileReference; explicitFileType = archive.ar; includeInIndex = 0; path = libPods.a; sourceTree = BUILT_PRODUCTS_DIR; };
		A988960E573920D3DDB0D7A0 /* Pods.debug.xcconfig */ = {isa = PBXFileReference; includeInIndex = 1; lastKnownFileType = text.xcconfig; name = Pods.debug.xcconfig; path = "Pods/Target Support Files/Pods/Pods.debug.xcconfig"; sourceTree = "<group>"; };
		DE11034E1C081295001757BE /* hisales.app */ = {isa = PBXFileReference; explicitFileType = wrapper.application; includeInIndex = 0; path = hisales.app; sourceTree = BUILT_PRODUCTS_DIR; };
		DE1103521C081295001757BE /* Info.plist */ = {isa = PBXFileReference; lastKnownFileType = text.plist.xml; path = Info.plist; sourceTree = "<group>"; };
		DE1103531C081295001757BE /* AppDelegate.swift */ = {isa = PBXFileReference; lastKnownFileType = sourcecode.swift; path = AppDelegate.swift; sourceTree = "<group>"; };
		DE1103551C081295001757BE /* HomeViewController.swift */ = {isa = PBXFileReference; lastKnownFileType = sourcecode.swift; path = HomeViewController.swift; sourceTree = "<group>"; };
		DE1103571C081295001757BE /* CRMViewController.swift */ = {isa = PBXFileReference; lastKnownFileType = sourcecode.swift; path = CRMViewController.swift; sourceTree = "<group>"; };
		DE11035A1C081295001757BE /* Base */ = {isa = PBXFileReference; lastKnownFileType = file.storyboard; name = Base; path = Base.lproj/Main.storyboard; sourceTree = "<group>"; };
		DE11035F1C081295001757BE /* Base */ = {isa = PBXFileReference; lastKnownFileType = file.xib; name = Base; path = Base.lproj/LaunchScreen.xib; sourceTree = "<group>"; };
		DE1103651C081295001757BE /* hisalesTests.xctest */ = {isa = PBXFileReference; explicitFileType = wrapper.cfbundle; includeInIndex = 0; path = hisalesTests.xctest; sourceTree = BUILT_PRODUCTS_DIR; };
		DE11036A1C081295001757BE /* Info.plist */ = {isa = PBXFileReference; lastKnownFileType = text.plist.xml; path = Info.plist; sourceTree = "<group>"; };
		DE11036B1C081295001757BE /* hisalesTests.swift */ = {isa = PBXFileReference; lastKnownFileType = sourcecode.swift; path = hisalesTests.swift; sourceTree = "<group>"; };
		DE8C88801C10506E00BB67FC /* Images.xcassets */ = {isa = PBXFileReference; lastKnownFileType = folder.assetcatalog; name = Images.xcassets; path = hisales/Images.xcassets; sourceTree = "<group>"; };
		DE9262DF1C102F0C0018A885 /* GuidanceViewController.swift */ = {isa = PBXFileReference; fileEncoding = 4; lastKnownFileType = sourcecode.swift; path = GuidanceViewController.swift; sourceTree = "<group>"; };
/* End PBXFileReference section */

/* Begin PBXFrameworksBuildPhase section */
		DE11034B1C081295001757BE /* Frameworks */ = {
			isa = PBXFrameworksBuildPhase;
			buildActionMask = 2147483647;
			files = (
				930EC32AFCE47BFBDC1981A6 /* libPods.a in Frameworks */,
			);
			runOnlyForDeploymentPostprocessing = 0;
		};
		DE1103621C081295001757BE /* Frameworks */ = {
			isa = PBXFrameworksBuildPhase;
			buildActionMask = 2147483647;
			files = (
			);
			runOnlyForDeploymentPostprocessing = 0;
		};
/* End PBXFrameworksBuildPhase section */

/* Begin PBXGroup section */
		1558BB34993FA8851B23CCD4 /* Frameworks */ = {
			isa = PBXGroup;
			children = (
				46EC5B56B8E91F46FEAFE5E7 /* libPods.a */,
			);
			name = Frameworks;
			sourceTree = "<group>";
		};
		DE1103451C081295001757BE = {
			isa = PBXGroup;
			children = (
				DE8C88801C10506E00BB67FC /* Images.xcassets */,
				DE1103501C081295001757BE /* hisales */,
				DE1103681C081295001757BE /* hisalesTests */,
				DE11034F1C081295001757BE /* Products */,
				EE388BF29378B509BCAF3AA7 /* Pods */,
				1558BB34993FA8851B23CCD4 /* Frameworks */,
			);
			sourceTree = "<group>";
		};
		DE11034F1C081295001757BE /* Products */ = {
			isa = PBXGroup;
			children = (
				DE11034E1C081295001757BE /* hisales.app */,
				DE1103651C081295001757BE /* hisalesTests.xctest */,
			);
			name = Products;
			sourceTree = "<group>";
		};
		DE1103501C081295001757BE /* hisales */ = {
			isa = PBXGroup;
			children = (
				DE1103531C081295001757BE /* AppDelegate.swift */,
				DE9262DF1C102F0C0018A885 /* GuidanceViewController.swift */,
				DE1103551C081295001757BE /* HomeViewController.swift */,
				DE1103571C081295001757BE /* CRMViewController.swift */,
				DE1103591C081295001757BE /* Main.storyboard */,
				DE11035E1C081295001757BE /* LaunchScreen.xib */,
				DE1103511C081295001757BE /* Supporting Files */,
			);
			path = hisales;
			sourceTree = "<group>";
		};
		DE1103511C081295001757BE /* Supporting Files */ = {
			isa = PBXGroup;
			children = (
				DE1103521C081295001757BE /* Info.plist */,
			);
			name = "Supporting Files";
			sourceTree = "<group>";
		};
		DE1103681C081295001757BE /* hisalesTests */ = {
			isa = PBXGroup;
			children = (
				DE11036B1C081295001757BE /* hisalesTests.swift */,
				DE1103691C081295001757BE /* Supporting Files */,
			);
			path = hisalesTests;
			sourceTree = "<group>";
		};
		DE1103691C081295001757BE /* Supporting Files */ = {
			isa = PBXGroup;
			children = (
				DE11036A1C081295001757BE /* Info.plist */,
			);
			name = "Supporting Files";
			sourceTree = "<group>";
		};
		EE388BF29378B509BCAF3AA7 /* Pods */ = {
			isa = PBXGroup;
			children = (
				A988960E573920D3DDB0D7A0 /* Pods.debug.xcconfig */,
				0A126404AEFDEBDD952BD56C /* Pods.release.xcconfig */,
			);
			name = Pods;
			sourceTree = "<group>";
		};
/* End PBXGroup section */

/* Begin PBXNativeTarget section */
		DE11034D1C081295001757BE /* hisales */ = {
			isa = PBXNativeTarget;
			buildConfigurationList = DE11036F1C081295001757BE /* Build configuration list for PBXNativeTarget "hisales" */;
			buildPhases = (
				8A2B4C339D4F22A58EA2DF93 /* Check Pods Manifest.lock */,
				DE11034A1C081295001757BE /* Sources */,
				DE11034B1C081295001757BE /* Frameworks */,
				DE11034C1C081295001757BE /* Resources */,
				C40192E631103B642185B8A9 /* Embed Pods Frameworks */,
				E28947A79376EAAB090F7733 /* Copy Pods Resources */,
			);
			buildRules = (
			);
			dependencies = (
			);
			name = hisales;
			productName = hisales;
			productReference = DE11034E1C081295001757BE /* hisales.app */;
			productType = "com.apple.product-type.application";
		};
		DE1103641C081295001757BE /* hisalesTests */ = {
			isa = PBXNativeTarget;
			buildConfigurationList = DE1103721C081295001757BE /* Build configuration list for PBXNativeTarget "hisalesTests" */;
			buildPhases = (
				DE1103611C081295001757BE /* Sources */,
				DE1103621C081295001757BE /* Frameworks */,
				DE1103631C081295001757BE /* Resources */,
			);
			buildRules = (
			);
			dependencies = (
				DE1103671C081295001757BE /* PBXTargetDependency */,
			);
			name = hisalesTests;
			productName = hisalesTests;
			productReference = DE1103651C081295001757BE /* hisalesTests.xctest */;
			productType = "com.apple.product-type.bundle.unit-test";
		};
/* End PBXNativeTarget section */

/* Begin PBXProject section */
		DE1103461C081295001757BE /* Project object */ = {
			isa = PBXProject;
			attributes = {
				LastSwiftUpdateCheck = 0710;
				LastUpgradeCheck = 0640;
				ORGANIZATIONNAME = edaysoft.cn;
				TargetAttributes = {
					DE11034D1C081295001757BE = {
						CreatedOnToolsVersion = 6.4;
					};
					DE1103641C081295001757BE = {
						CreatedOnToolsVersion = 6.4;
						TestTargetID = DE11034D1C081295001757BE;
					};
				};
			};
			buildConfigurationList = DE1103491C081295001757BE /* Build configuration list for PBXProject "hisales" */;
			compatibilityVersion = "Xcode 3.2";
			developmentRegion = English;
			hasScannedForEncodings = 0;
			knownRegions = (
				en,
				Base,
			);
			mainGroup = DE1103451C081295001757BE;
			productRefGroup = DE11034F1C081295001757BE /* Products */;
			projectDirPath = "";
			projectRoot = "";
			targets = (
				DE11034D1C081295001757BE /* hisales */,
				DE1103641C081295001757BE /* hisalesTests */,
			);
		};
/* End PBXProject section */

/* Begin PBXResourcesBuildPhase section */
		DE11034C1C081295001757BE /* Resources */ = {
			isa = PBXResourcesBuildPhase;
			buildActionMask = 2147483647;
			files = (
				DE8C88811C10506E00BB67FC /* Images.xcassets in Resources */,
				DE11035B1C081295001757BE /* Main.storyboard in Resources */,
				DE1103601C081295001757BE /* LaunchScreen.xib in Resources */,
			);
			runOnlyForDeploymentPostprocessing = 0;
		};
		DE1103631C081295001757BE /* Resources */ = {
			isa = PBXResourcesBuildPhase;
			buildActionMask = 2147483647;
			files = (
			);
			runOnlyForDeploymentPostprocessing = 0;
		};
/* End PBXResourcesBuildPhase section */

/* Begin PBXShellScriptBuildPhase section */
		8A2B4C339D4F22A58EA2DF93 /* Check Pods Manifest.lock */ = {
			isa = PBXShellScriptBuildPhase;
			buildActionMask = 2147483647;
			files = (
			);
			inputPaths = (
			);
			name = "Check Pods Manifest.lock";
			outputPaths = (
			);
			runOnlyForDeploymentPostprocessing = 0;
			shellPath = /bin/sh;
			shellScript = "diff \"${PODS_ROOT}/../Podfile.lock\" \"${PODS_ROOT}/Manifest.lock\" > /dev/null\nif [[ $? != 0 ]] ; then\n    cat << EOM\nerror: The sandbox is not in sync with the Podfile.lock. Run 'pod install' or update your CocoaPods installation.\nEOM\n    exit 1\nfi\n";
			showEnvVarsInLog = 0;
		};
		C40192E631103B642185B8A9 /* Embed Pods Frameworks */ = {
			isa = PBXShellScriptBuildPhase;
			buildActionMask = 2147483647;
			files = (
			);
			inputPaths = (
			);
			name = "Embed Pods Frameworks";
			outputPaths = (
			);
			runOnlyForDeploymentPostprocessing = 0;
			shellPath = /bin/sh;
			shellScript = "\"${SRCROOT}/Pods/Target Support Files/Pods/Pods-frameworks.sh\"\n";
			showEnvVarsInLog = 0;
		};
		E28947A79376EAAB090F7733 /* Copy Pods Resources */ = {
			isa = PBXShellScriptBuildPhase;
			buildActionMask = 2147483647;
			files = (
			);
			inputPaths = (
			);
			name = "Copy Pods Resources";
			outputPaths = (
			);
			runOnlyForDeploymentPostprocessing = 0;
			shellPath = /bin/sh;
			shellScript = "\"${SRCROOT}/Pods/Target Support Files/Pods/Pods-resources.sh\"\n";
			showEnvVarsInLog = 0;
		};
/* End PBXShellScriptBuildPhase section */

/* Begin PBXSourcesBuildPhase section */
		DE11034A1C081295001757BE /* Sources */ = {
			isa = PBXSourcesBuildPhase;
			buildActionMask = 2147483647;
			files = (
				DE1103581C081295001757BE /* CRMViewController.swift in Sources */,
				DE1103541C081295001757BE /* AppDelegate.swift in Sources */,
				DE9262E01C102F0C0018A885 /* GuidanceViewController.swift in Sources */,
				DE1103561C081295001757BE /* HomeViewController.swift in Sources */,
			);
			runOnlyForDeploymentPostprocessing = 0;
		};
		DE1103611C081295001757BE /* Sources */ = {
			isa = PBXSourcesBuildPhase;
			buildActionMask = 2147483647;
			files = (
				DE11036C1C081295001757BE /* hisalesTests.swift in Sources */,
			);
			runOnlyForDeploymentPostprocessing = 0;
		};
/* End PBXSourcesBuildPhase section */

/* Begin PBXTargetDependency section */
		DE1103671C081295001757BE /* PBXTargetDependency */ = {
			isa = PBXTargetDependency;
			target = DE11034D1C081295001757BE /* hisales */;
			targetProxy = DE1103661C081295001757BE /* PBXContainerItemProxy */;
		};
/* End PBXTargetDependency section */

/* Begin PBXVariantGroup section */
		DE1103591C081295001757BE /* Main.storyboard */ = {
			isa = PBXVariantGroup;
			children = (
				DE11035A1C081295001757BE /* Base */,
			);
			name = Main.storyboard;
			sourceTree = "<group>";
		};
		DE11035E1C081295001757BE /* LaunchScreen.xib */ = {
			isa = PBXVariantGroup;
			children = (
				DE11035F1C081295001757BE /* Base */,
			);
			name = LaunchScreen.xib;
			sourceTree = "<group>";
		};
/* End PBXVariantGroup section */

/* Begin XCBuildConfiguration section */
		DE11036D1C081295001757BE /* Debug */ = {
			isa = XCBuildConfiguration;
			buildSettings = {
				ALWAYS_SEARCH_USER_PATHS = NO;
				CLANG_CXX_LANGUAGE_STANDARD = "gnu++0x";
				CLANG_CXX_LIBRARY = "libc++";
				CLANG_ENABLE_MODULES = YES;
				CLANG_ENABLE_OBJC_ARC = YES;
				CLANG_WARN_BOOL_CONVERSION = YES;
				CLANG_WARN_CONSTANT_CONVERSION = YES;
				CLANG_WARN_DIRECT_OBJC_ISA_USAGE = YES_ERROR;
				CLANG_WARN_EMPTY_BODY = YES;
				CLANG_WARN_ENUM_CONVERSION = YES;
				CLANG_WARN_INT_CONVERSION = YES;
				CLANG_WARN_OBJC_ROOT_CLASS = YES_ERROR;
				CLANG_WARN_UNREACHABLE_CODE = YES;
				CLANG_WARN__DUPLICATE_METHOD_MATCH = YES;
				"CODE_SIGN_IDENTITY[sdk=iphoneos*]" = "iPhone Developer";
				COPY_PHASE_STRIP = NO;
				DEBUG_INFORMATION_FORMAT = "dwarf-with-dsym";
				ENABLE_STRICT_OBJC_MSGSEND = YES;
				GCC_C_LANGUAGE_STANDARD = gnu99;
				GCC_DYNAMIC_NO_PIC = NO;
				GCC_NO_COMMON_BLOCKS = YES;
				GCC_OPTIMIZATION_LEVEL = 0;
				GCC_PREPROCESSOR_DEFINITIONS = (
					"DEBUG=1",
					"$(inherited)",
				);
				GCC_SYMBOLS_PRIVATE_EXTERN = NO;
				GCC_WARN_64_TO_32_BIT_CONVERSION = YES;
				GCC_WARN_ABOUT_RETURN_TYPE = YES_ERROR;
				GCC_WARN_UNDECLARED_SELECTOR = YES;
				GCC_WARN_UNINITIALIZED_AUTOS = YES_AGGRESSIVE;
				GCC_WARN_UNUSED_FUNCTION = YES;
				GCC_WARN_UNUSED_VARIABLE = YES;
				IPHONEOS_DEPLOYMENT_TARGET = 8.4;
				MTL_ENABLE_DEBUG_INFO = YES;
				ONLY_ACTIVE_ARCH = YES;
				SDKROOT = iphoneos;
				SWIFT_OPTIMIZATION_LEVEL = "-Onone";
			};
			name = Debug;
		};
		DE11036E1C081295001757BE /* Release */ = {
			isa = XCBuildConfiguration;
			buildSettings = {
				ALWAYS_SEARCH_USER_PATHS = NO;
				CLANG_CXX_LANGUAGE_STANDARD = "gnu++0x";
				CLANG_CXX_LIBRARY = "libc++";
				CLANG_ENABLE_MODULES = YES;
				CLANG_ENABLE_OBJC_ARC = YES;
				CLANG_WARN_BOOL_CONVERSION = YES;
				CLANG_WARN_CONSTANT_CONVERSION = YES;
				CLANG_WARN_DIRECT_OBJC_ISA_USAGE = YES_ERROR;
				CLANG_WARN_EMPTY_BODY = YES;
				CLANG_WARN_ENUM_CONVERSION = YES;
				CLANG_WARN_INT_CONVERSION = YES;
				CLANG_WARN_OBJC_ROOT_CLASS = YES_ERROR;
				CLANG_WARN_UNREACHABLE_CODE = YES;
				CLANG_WARN__DUPLICATE_METHOD_MATCH = YES;
				"CODE_SIGN_IDENTITY[sdk=iphoneos*]" = "iPhone Developer";
				COPY_PHASE_STRIP = NO;
				DEBUG_INFORMATION_FORMAT = "dwarf-with-dsym";
				ENABLE_NS_ASSERTIONS = NO;
				ENABLE_STRICT_OBJC_MSGSEND = YES;
				GCC_C_LANGUAGE_STANDARD = gnu99;
				GCC_NO_COMMON_BLOCKS = YES;
				GCC_WARN_64_TO_32_BIT_CONVERSION = YES;
				GCC_WARN_ABOUT_RETURN_TYPE = YES_ERROR;
				GCC_WARN_UNDECLARED_SELECTOR = YES;
				GCC_WARN_UNINITIALIZED_AUTOS = YES_AGGRESSIVE;
				GCC_WARN_UNUSED_FUNCTION = YES;
				GCC_WARN_UNUSED_VARIABLE = YES;
				IPHONEOS_DEPLOYMENT_TARGET = 8.4;
				MTL_ENABLE_DEBUG_INFO = NO;
				SDKROOT = iphoneos;
				VALIDATE_PRODUCT = YES;
			};
			name = Release;
		};
		DE1103701C081295001757BE /* Debug */ = {
			isa = XCBuildConfiguration;
			baseConfigurationReference = A988960E573920D3DDB0D7A0 /* Pods.debug.xcconfig */;
			buildSettings = {
				ASSETCATALOG_COMPILER_APPICON_NAME = AppIcon;
				INFOPLIST_FILE = hisales/Info.plist;
				IPHONEOS_DEPLOYMENT_TARGET = 7.0;
				LD_RUNPATH_SEARCH_PATHS = "$(inherited) @executable_path/Frameworks";
				PRODUCT_NAME = "$(TARGET_NAME)";
			};
			name = Debug;
		};
		DE1103711C081295001757BE /* Release */ = {
			isa = XCBuildConfiguration;
			baseConfigurationReference = 0A126404AEFDEBDD952BD56C /* Pods.release.xcconfig */;
			buildSettings = {
				ASSETCATALOG_COMPILER_APPICON_NAME = AppIcon;
				INFOPLIST_FILE = hisales/Info.plist;
				IPHONEOS_DEPLOYMENT_TARGET = 7.0;
				LD_RUNPATH_SEARCH_PATHS = "$(inherited) @executable_path/Frameworks";
				PRODUCT_NAME = "$(TARGET_NAME)";
			};
			name = Release;
		};
		DE1103731C081295001757BE /* Debug */ = {
			isa = XCBuildConfiguration;
			buildSettings = {
				BUNDLE_LOADER = "$(TEST_HOST)";
				FRAMEWORK_SEARCH_PATHS = (
					"$(SDKROOT)/Developer/Library/Frameworks",
					"$(inherited)",
				);
				GCC_PREPROCESSOR_DEFINITIONS = (
					"DEBUG=1",
					"$(inherited)",
				);
				INFOPLIST_FILE = hisalesTests/Info.plist;
				LD_RUNPATH_SEARCH_PATHS = "$(inherited) @executable_path/Frameworks @loader_path/Frameworks";
				PRODUCT_NAME = "$(TARGET_NAME)";
				TEST_HOST = "$(BUILT_PRODUCTS_DIR)/hisales.app/hisales";
			};
			name = Debug;
		};
		DE1103741C081295001757BE /* Release */ = {
			isa = XCBuildConfiguration;
			buildSettings = {
				BUNDLE_LOADER = "$(TEST_HOST)";
				FRAMEWORK_SEARCH_PATHS = (
					"$(SDKROOT)/Developer/Library/Frameworks",
					"$(inherited)",
				);
				INFOPLIST_FILE = hisalesTests/Info.plist;
				LD_RUNPATH_SEARCH_PATHS = "$(inherited) @executable_path/Frameworks @loader_path/Frameworks";
				PRODUCT_NAME = "$(TARGET_NAME)";
				TEST_HOST = "$(BUILT_PRODUCTS_DIR)/hisales.app/hisales";
			};
			name = Release;
		};
/* End XCBuildConfiguration section */

/* Begin XCConfigurationList section */
		DE1103491C081295001757BE /* Build configuration list for PBXProject "hisales" */ = {
			isa = XCConfigurationList;
			buildConfigurations = (
				DE11036D1C081295001757BE /* Debug */,
				DE11036E1C081295001757BE /* Release */,
			);
			defaultConfigurationIsVisible = 0;
			defaultConfigurationName = Release;
		};
		DE11036F1C081295001757BE /* Build configuration list for PBXNativeTarget "hisales" */ = {
			isa = XCConfigurationList;
			buildConfigurations = (
				DE1103701C081295001757BE /* Debug */,
				DE1103711C081295001757BE /* Release */,
			);
			defaultConfigurationIsVisible = 0;
			defaultConfigurationName = Release;
		};
		DE1103721C081295001757BE /* Build configuration list for PBXNativeTarget "hisalesTests" */ = {
			isa = XCConfigurationList;
			buildConfigurations = (
				DE1103731C081295001757BE /* Debug */,
				DE1103741C081295001757BE /* Release */,
			);
			defaultConfigurationIsVisible = 0;
			defaultConfigurationName = Release;
		};
/* End XCConfigurationList section */
	};
	rootObject = DE1103461C081295001757BE /* Project object */;
}
